
Microsoft Visual Studio Solution File, Format Version 12.00
# Visual Studio Version 17
VisualStudioVersion = 17.14.36301.6 d17.14
MinimumVisualStudioVersion = 10.0.40219.1
Project("{FAE04EC0-301F-11D3-BF4B-00C04F79EFBC}") = "UsernameValidationService", "UsernameValidationService.csproj", "{406063F3-B955-4AFC-A9E3-8A589BA2D416}"
EndProject
Global
	GlobalSection(SolutionConfigurationPlatforms) = preSolution
		Debug|Any CPU = Debug|Any CPU
		Release|Any CPU = Release|Any CPU
	EndGlobalSection
	GlobalSection(ProjectConfigurationPlatforms) = postSolution
		{406063F3-B955-4AFC-A9E3-8A589BA2D416}.Debug|Any CPU.ActiveCfg = Debug|Any CPU
		{406063F3-B955-4AFC-A9E3-8A589BA2D416}.Debug|Any CPU.Build.0 = Debug|Any CPU
		{406063F3-B955-4AFC-A9E3-8A589BA2D416}.Release|Any CPU.ActiveCfg = Release|Any CPU
		{406063F3-B955-4AFC-A9E3-8A589BA2D416}.Release|Any CPU.Build.0 = Release|Any CPU
	EndGlobalSection
	GlobalSection(SolutionProperties) = preSolution
		HideSolutionNode = FALSE
	EndGlobalSection
	GlobalSection(ExtensibilityGlobals) = postSolution
		SolutionGuid = {B26CE369-51CF-4450-8C26-6932000116C7}
	EndGlobalSection
EndGlobal
